PODS:
  - Alamofire (4.9.1)
  - AutoInsetter (1.8.0)
  - DynamicBlurView (4.0.0)
  - IQKeyboardManagerSwift (6.5.4)
  - Localize-Swift (2.0.0)
  - Moya (13.0.1):
    - Moya/Core (= 13.0.1)
  - Moya/Core (13.0.1):
    - Alamofire (~> 4.1)
    - Result (~> 4.1)
  - Pageboy (3.5.0)
  - PopupDialog (1.1.1):
    - DynamicBlurView (~> 4.0)
  - PullToRefreshKit (0.8.8)
  - Result (4.1.0)
  - SwiftyJSON (5.0.0)
  - Tabman (2.4.1):
    - AutoInsetter (~> 1.7)
    - Pageboy (~> 3.2)
  - Toast-Swift (5.0.1)
  - "UITextView+Placeholder (1.3.3)"

DEPENDENCIES:
  - IQKeyboardManagerSwift
  - Localize-Swift (~> 2.0)
  - Moya (~> 13.0)
  - PopupDialog
  - PullToRefreshKit
  - SwiftyJSON
  - Tabman (= 2.4.1)
  - Toast-Swift (~> 5.0.0)
  - "UITextView+Placeholder"

SPEC REPOS:
  trunk:
    - Alamofire
    - AutoInsetter
    - DynamicBlurView
    - IQKeyboardManagerSwift
    - Localize-Swift
    - Moya
    - Pageboy
    - PopupDialog
    - PullToRefreshKit
    - Result
    - SwiftyJSON
    - Tabman
    - Toast-Swift
    - "UITextView+Placeholder"

SPEC CHECKSUMS:
  Alamofire: 85e8a02c69d6020a0d734f6054870d7ecb75cf18
  AutoInsetter: 0b90ca74e36561c340129045a3722c51a0b15c58
  DynamicBlurView: ccf9acd2b20c883cc2c72e3524a04d8d3ee20533
  IQKeyboardManagerSwift: 2dde0fc70110e8eac7ccce2a46fdbec6a850b414
  Localize-Swift: c798ec9286494866f7068f85f7c71283ac5bdab4
  Moya: f4a4b80ff2f8a4ffc208dfb31cd91636622fee6e
  Pageboy: 3794c578aae5fcce06e90b3ed4a0ad6b807d75bb
  PopupDialog: 720c92befd8bc23c13442254945213db5612f149
  PullToRefreshKit: 7cc53e720e69f135cffa1a57784dfb534f0222ab
  Result: bd966fac789cc6c1563440b348ab2598cc24d5c7
  SwiftyJSON: 36413e04c44ee145039d332b4f4e2d3e8d6c4db7
  Tabman: 0537d8246a10508daa914ad074fa48fe308e3006
  Toast-Swift: 9b6a70f28b3bf0b96c40d46c0c4b9d6639846711
  "UITextView+Placeholder": c407b27599ea23cca425946fee3cf1db5d547008

PODFILE CHECKSUM: 64974bb26aeb67dfe69f88c6133a1a24cabe4740

COCOAPODS: 1.8.4
